github.com/kougazhang/requests v0.0.2-0.20201202013613-41eaa251622a h1:5hbDR4XPp9VWo2JId/UjFaIrJkACKMsXaBttt3rKbQ4=
github.com/kougazhang/requests v0.0.2-0.20201202013613-41eaa251622a/go.mod h1:j73ObgFeTJTQIiYjTCnK94OtnQF8lEhlUFM0Tp1o8Wo=
github.com/kougazhang/requests v0.0.2-0.20201202015902-35e02f3fd447 h1:kvavglf78OYbsyebptR+QL86euj67QuVmM707V3WBuA=
github.com/kougazhang/requests v0.0.2-0.20201202015902-35e02f3fd447/go.mod h1:j73ObgFeTJTQIiYjTCnK94OtnQF8lEhlUFM0Tp1o8Wo=
github.com/kougazhang/requests v0.0.2-0.20201202022622-66e8765f88bb h1:ItroKWXL3tP92k9PSTh4mgA1IwRppSJGf/qKTMus6vM=
github.com/kougazhang/requests v0.0.2-0.20201202022622-66e8765f88bb/go.mod h1:j73ObgFeTJTQIiYjTCnK94OtnQF8lEhlUFM0Tp1o8Wo=
github.com/kougazhang/requests v0.0.2-0.20201202032608-f289a789f559 h1:ricuDGwuafBesDRc/5FOgG1i/LLXAzDsyInRVIVCfF4=
github.com/kougazhang/requests v0.0.2-0.20201202032608-f289a789f559/go.mod h1:j73ObgFeTJTQIiYjTCnK94OtnQF8lEhlUFM0Tp1o8Wo=
